// !$*UTF8*$!
{
	archiveVersion = 1;
	classes = {
	};
	objectVersion = 56;
	objects = {

/* Begin PBXBuildFile section */
		382DD991293BBDB8004D385B /* AppDelegate.swift in Sources */ = {isa = PBXBuildFile; fileRef = 382DD990293BBDB8004D385B /* AppDelegate.swift */; };
		382DD993293BBDB8004D385B /* SceneDelegate.swift in Sources */ = {isa = PBXBuildFile; fileRef = 382DD992293BBDB8004D385B /* SceneDelegate.swift */; };
		382DD995293BBDB8004D385B /* CalendarGridViewController.swift in Sources */ = {isa = PBXBuildFile; fileRef = 382DD994293BBDB8004D385B /* CalendarGridViewController.swift */; };
		382DD998293BBDB8004D385B /* Main.storyboard in Resources */ = {isa = PBXBuildFile; fileRef = 382DD996293BBDB8004D385B /* Main.storyboard */; };
		382DD99A293BBDBB004D385B /* Assets.xcassets in Resources */ = {isa = PBXBuildFile; fileRef = 382DD999293BBDBB004D385B /* Assets.xcassets */; };
		382DD99D293BBDBB004D385B /* LaunchScreen.storyboard in Resources */ = {isa = PBXBuildFile; fileRef = 382DD99B293BBDBB004D385B /* LaunchScreen.storyboard */; };
		382DD9A7293BC79C004D385B /* WriteNoteViewController.swift in Sources */ = {isa = PBXBuildFile; fileRef = 382DD9A6293BC79C004D385B /* WriteNoteViewController.swift */; };
		382DD9A9293BC7B8004D385B /* Calendar.swift in Sources */ = {isa = PBXBuildFile; fileRef = 382DD9A8293BC7B8004D385B /* Calendar.swift */; };
		382DD9AD293BC7EF004D385B /* Category.swift in Sources */ = {isa = PBXBuildFile; fileRef = 382DD9AC293BC7EF004D385B /* Category.swift */; };
		382DD9AF293BC810004D385B /* Task.swift in Sources */ = {isa = PBXBuildFile; fileRef = 382DD9AE293BC810004D385B /* Task.swift */; };
		382DD9B1293BC8FD004D385B /* DayViewController.swift in Sources */ = {isa = PBXBuildFile; fileRef = 382DD9B0293BC8FD004D385B /* DayViewController.swift */; };
/* End PBXBuildFile section */

/* Begin PBXFileReference section */
		382DD98D293BBDB8004D385B /* AroraCalendar.app */ = {isa = PBXFileReference; explicitFileType = wrapper.application; includeInIndex = 0; path = AroraCalendar.app; sourceTree = BUILT_PRODUCTS_DIR; };
		382DD990293BBDB8004D385B /* AppDelegate.swift */ = {isa = PBXFileReference; lastKnownFileType = sourcecode.swift; path = AppDelegate.swift; sourceTree = "<group>"; };
		382DD992293BBDB8004D385B /* SceneDelegate.swift */ = {isa = PBXFileReference; lastKnownFileType = sourcecode.swift; path = SceneDelegate.swift; sourceTree = "<group>"; };
		382DD994293BBDB8004D385B /* CalendarGridViewController.swift */ = {isa = PBXFileReference; lastKnownFileType = sourcecode.swift; path = CalendarGridViewController.swift; sourceTree = "<group>"; };
		382DD997293BBDB8004D385B /* Base */ = {isa = PBXFileReference; lastKnownFileType = file.storyboard; name = Base; path = Base.lproj/Main.storyboard; sourceTree = "<group>"; };
		382DD999293BBDBB004D385B /* Assets.xcassets */ = {isa = PBXFileReference; lastKnownFileType = folder.assetcatalog; path = Assets.xcassets; sourceTree = "<group>"; };
		382DD99C293BBDBB004D385B /* Base */ = {isa = PBXFileReference; lastKnownFileType = file.storyboard; name = Base; path = Base.lproj/LaunchScreen.storyboard; sourceTree = "<group>"; };
		382DD99E293BBDBB004D385B /* Info.plist */ = {isa = PBXFileReference; lastKnownFileType = text.plist.xml; path = Info.plist; sourceTree = "<group>"; };
		382DD9A6293BC79C004D385B /* WriteNoteViewController.swift */ = {isa = PBXFileReference; lastKnownFileType = sourcecode.swift; path = WriteNoteViewController.swift; sourceTree = "<group>"; };
		382DD9A8293BC7B8004D385B /* Calendar.swift */ = {isa = PBXFileReference; lastKnownFileType = sourcecode.swift; path = Calendar.swift; sourceTree = "<group>"; };
		382DD9AC293BC7EF004D385B /* Category.swift */ = {isa = PBXFileReference; lastKnownFileType = sourcecode.swift; path = Category.swift; sourceTree = "<group>"; };
		382DD9AE293BC810004D385B /* Task.swift */ = {isa = PBXFileReference; lastKnownFileType = sourcecode.swift; path = Task.swift; sourceTree = "<group>"; };
		382DD9B0293BC8FD004D385B /* DayViewController.swift */ = {isa = PBXFileReference; lastKnownFileType = sourcecode.swift; path = DayViewController.swift; sourceTree = "<group>"; };
/* End PBXFileReference section */

/* Begin PBXFrameworksBuildPhase section */
		382DD98A293BBDB8004D385B /* Frameworks */ = {
			isa = PBXFrameworksBuildPhase;
			buildActionMask = 2147483647;
			files = (
			);
			runOnlyForDeploymentPostprocessing = 0;
		};
/* End PBXFrameworksBuildPhase section */

/* Begin PBXGroup section */
		382DD984293BBDB8004D385B = {
			isa = PBXGroup;
			children = (
				382DD98F293BBDB8004D385B /* AroraCalendar */,
				382DD98E293BBDB8004D385B /* Products */,
			);
			sourceTree = "<group>";
		};
		382DD98E293BBDB8004D385B /* Products */ = {
			isa = PBXGroup;
			children = (
				382DD98D293BBDB8004D385B /* AroraCalendar.app */,
			);
			name = Products;
			sourceTree = "<group>";
		};
		382DD98F293BBDB8004D385B /* AroraCalendar */ = {
			isa = PBXGroup;
			children = (
				382DD990293BBDB8004D385B /* AppDelegate.swift */,
				382DD992293BBDB8004D385B /* SceneDelegate.swift */,
				382DD9AA293BC7BE004D385B /* Model */,
				382DD9A5293BBE7F004D385B /* View */,
				382DD9A4293BBE74004D385B /* Controller */,
				382DD999293BBDBB004D385B /* Assets.xcassets */,
				382DD99B293BBDBB004D385B /* LaunchScreen.storyboard */,
				382DD99E293BBDBB004D385B /* Info.plist */,
			);
			path = AroraCalendar;
			sourceTree = "<group>";
		};
		382DD9A4293BBE74004D385B /* Controller */ = {
			isa = PBXGroup;
			children = (
				382DD994293BBDB8004D385B /* CalendarGridViewController.swift */,
				382DD9A6293BC79C004D385B /* WriteNoteViewController.swift */,
				382DD9B0293BC8FD004D385B /* DayViewController.swift */,
			);
			path = Controller;
			sourceTree = "<group>";
		};
		382DD9A5293BBE7F004D385B /* View */ = {
			isa = PBXGroup;
			children = (
				382DD996293BBDB8004D385B /* Main.storyboard */,
			);
			path = View;
			sourceTree = "<group>";
		};
		382DD9AA293BC7BE004D385B /* Model */ = {
			isa = PBXGroup;
			children = (
				382DD9A8293BC7B8004D385B /* Calendar.swift */,
				382DD9AC293BC7EF004D385B /* Category.swift */,
				382DD9AE293BC810004D385B /* Task.swift */,
			);
			path = Model;
			sourceTree = "<group>";
		};
/* End PBXGroup section */

/* Begin PBXNativeTarget section */
		382DD98C293BBDB8004D385B /* AroraCalendar */ = {
			isa = PBXNativeTarget;
			buildConfigurationList = 382DD9A1293BBDBB004D385B /* Build configuration list for PBXNativeTarget "AroraCalendar" */;
			buildPhases = (
				382DD989293BBDB8004D385B /* Sources */,
				382DD98A293BBDB8004D385B /* Frameworks */,
				382DD98B293BBDB8004D385B /* Resources */,
			);
			buildRules = (
			);
			dependencies = (
			);
			name = AroraCalendar;
			productName = AroraCalendar;
			productReference = 382DD98D293BBDB8004D385B /* AroraCalendar.app */;
			productType = "com.apple.product-type.application";
		};
/* End PBXNativeTarget section */

/* Begin PBXProject section */
		382DD985293BBDB8004D385B /* Project object */ = {
			isa = PBXProject;
			attributes = {
				BuildIndependentTargetsInParallel = 1;
				LastSwiftUpdateCheck = 1410;
				LastUpgradeCheck = 1410;
				TargetAttributes = {
					382DD98C293BBDB8004D385B = {
						CreatedOnToolsVersion = 14.1;
					};
				};
			};
			buildConfigurationList = 382DD988293BBDB8004D385B /* Build configuration list for PBXProject "AroraCalendar" */;
			compatibilityVersion = "Xcode 14.0";
			developmentRegion = en;
			hasScannedForEncodings = 0;
			knownRegions = (
				en,
				Base,
			);
			mainGroup = 382DD984293BBDB8004D385B;
			productRefGroup = 382DD98E293BBDB8004D385B /* Products */;
			projectDirPath = "";
			projectRoot = "";
			targets = (
				382DD98C293BBDB8004D385B /* AroraCalendar */,
			);
		};
/* End PBXProject section */

/* Begin PBXResourcesBuildPhase section */
		382DD98B293BBDB8004D385B /* Resources */ = {
			isa = PBXResourcesBuildPhase;
			buildActionMask = 2147483647;
			files = (
				382DD99D293BBDBB004D385B /* LaunchScreen.storyboard in Resources */,
				382DD99A293BBDBB004D385B /* Assets.xcassets in Resources */,
				382DD998293BBDB8004D385B /* Main.storyboard in Resources */,
			);
			runOnlyForDeploymentPostprocessing = 0;
		};
/* End PBXResourcesBuildPhase section */

/* Begin PBXSourcesBuildPhase section */
		382DD989293BBDB8004D385B /* Sources */ = {
			isa = PBXSourcesBuildPhase;
			buildActionMask = 2147483647;
			files = (
				382DD9A7293BC79C004D385B /* WriteNoteViewController.swift in Sources */,
				382DD995293BBDB8004D385B /* CalendarGridViewController.swift in Sources */,
				382DD991293BBDB8004D385B /* AppDelegate.swift in Sources */,
				382DD993293BBDB8004D385B /* SceneDelegate.swift in Sources */,
				382DD9A9293BC7B8004D385B /* Calendar.swift in Sources */,
				382DD9AF293BC810004D385B /* Task.swift in Sources */,
				382DD9AD293BC7EF004D385B /* Category.swift in Sources */,
				382DD9B1293BC8FD004D385B /* DayViewController.swift in Sources */,
			);
			runOnlyForDeploymentPostprocessing = 0;
		};
/* End PBXSourcesBuildPhase section */

/* Begin PBXVariantGroup section */
		382DD996293BBDB8004D385B /* Main.storyboard */ = {
			isa = PBXVariantGroup;
			children = (
				382DD997293BBDB8004D385B /* Base */,
			);
			name = Main.storyboard;
			sourceTree = "<group>";
		};
		382DD99B293BBDBB004D385B /* LaunchScreen.storyboard */ = {
			isa = PBXVariantGroup;
			children = (
				382DD99C293BBDBB004D385B /* Base */,
			);
			name = LaunchScreen.storyboard;
			sourceTree = "<group>";
		};
/* End PBXVariantGroup section */

/* Begin XCBuildConfiguration section */
		382DD99F293BBDBB004D385B /* Debug */ = {
			isa = XCBuildConfiguration;
			buildSettings = {
				ALWAYS_SEARCH_USER_PATHS = NO;
				CLANG_ANALYZER_NONNULL = YES;
				CLANG_ANALYZER_NUMBER_OBJECT_CONVERSION = YES_AGGRESSIVE;
				CLANG_CXX_LANGUAGE_STANDARD = "gnu++20";
				CLANG_ENABLE_MODULES = YES;
				CLANG_ENABLE_OBJC_ARC = YES;
				CLANG_ENABLE_OBJC_WEAK = YES;
				CLANG_WARN_BLOCK_CAPTURE_AUTORELEASING = YES;
				CLANG_WARN_BOOL_CONVERSION = YES;
				CLANG_WARN_COMMA = YES;
				CLANG_WARN_CONSTANT_CONVERSION = YES;
				CLANG_WARN_DEPRECATED_OBJC_IMPLEMENTATIONS = YES;
				CLANG_WARN_DIRECT_OBJC_ISA_USAGE = YES_ERROR;
				CLANG_WARN_DOCUMENTATION_COMMENTS = YES;
				CLANG_WARN_EMPTY_BODY = YES;
				CLANG_WARN_ENUM_CONVERSION = YES;
				CLANG_WARN_INFINITE_RECURSION = YES;
				CLANG_WARN_INT_CONVERSION = YES;
				CLANG_WARN_NON_LITERAL_NULL_CONVERSION = YES;
				CLANG_WARN_OBJC_IMPLICIT_RETAIN_SELF = YES;
				CLANG_WARN_OBJC_LITERAL_CONVERSION = YES;
				CLANG_WARN_OBJC_ROOT_CLASS = YES_ERROR;
				CLANG_WARN_QUOTED_INCLUDE_IN_FRAMEWORK_HEADER = YES;
				CLANG_WARN_RANGE_LOOP_ANALYSIS = YES;
				CLANG_WARN_STRICT_PROTOTYPES = YES;
				CLANG_WARN_SUSPICIOUS_MOVE = YES;
				CLANG_WARN_UNGUARDED_AVAILABILITY = YES_AGGRESSIVE;
				CLANG_WARN_UNREACHABLE_CODE = YES;
				CLANG_WARN__DUPLICATE_METHOD_MATCH = YES;
				COPY_PHASE_STRIP = NO;
				DEBUG_INFORMATION_FORMAT = dwarf;
				ENABLE_STRICT_OBJC_MSGSEND = YES;
				ENABLE_TESTABILITY = YES;
				GCC_C_LANGUAGE_STANDARD = gnu11;
				GCC_DYNAMIC_NO_PIC = NO;
				GCC_NO_COMMON_BLOCKS = YES;
				GCC_OPTIMIZATION_LEVEL = 0;
				GCC_PREPROCESSOR_DEFINITIONS = (
					"DEBUG=1",
					"$(inherited)",
				);
				GCC_WARN_64_TO_32_BIT_CONVERSION = YES;
				GCC_WARN_ABOUT_RETURN_TYPE = YES_ERROR;
				GCC_WARN_UNDECLARED_SELECTOR = YES;
				GCC_WARN_UNINITIALIZED_AUTOS = YES_AGGRESSIVE;
				GCC_WARN_UNUSED_FUNCTION = YES;
				GCC_WARN_UNUSED_VARIABLE = YES;
				IPHONEOS_DEPLOYMENT_TARGET = 16.1;
				MTL_ENABLE_DEBUG_INFO = INCLUDE_SOURCE;
				MTL_FAST_MATH = YES;
				ONLY_ACTIVE_ARCH = YES;
				SDKROOT = iphoneos;
				SWIFT_ACTIVE_COMPILATION_CONDITIONS = DEBUG;
				SWIFT_OPTIMIZATION_LEVEL = "-Onone";
			};
			name = Debug;
		};
		382DD9A0293BBDBB004D385B /* Release */ = {
			isa = XCBuildConfiguration;
			buildSettings = {
				ALWAYS_SEARCH_USER_PATHS = NO;
				CLANG_ANALYZER_NONNULL = YES;
				CLANG_ANALYZER_NUMBER_OBJECT_CONVERSION = YES_AGGRESSIVE;
				CLANG_CXX_LANGUAGE_STANDARD = "gnu++20";
				CLANG_ENABLE_MODULES = YES;
				CLANG_ENABLE_OBJC_ARC = YES;
				CLANG_ENABLE_OBJC_WEAK = YES;
				CLANG_WARN_BLOCK_CAPTURE_AUTORELEASING = YES;
				CLANG_WARN_BOOL_CONVERSION = YES;
				CLANG_WARN_COMMA = YES;
				CLANG_WARN_CONSTANT_CONVERSION = YES;
				CLANG_WARN_DEPRECATED_OBJC_IMPLEMENTATIONS = YES;
				CLANG_WARN_DIRECT_OBJC_ISA_USAGE = YES_ERROR;
				CLANG_WARN_DOCUMENTATION_COMMENTS = YES;
				CLANG_WARN_EMPTY_BODY = YES;
				CLANG_WARN_ENUM_CONVERSION = YES;
				CLANG_WARN_INFINITE_RECURSION = YES;
				CLANG_WARN_INT_CONVERSION = YES;
				CLANG_WARN_NON_LITERAL_NULL_CONVERSION = YES;
				CLANG_WARN_OBJC_IMPLICIT_RETAIN_SELF = YES;
				CLANG_WARN_OBJC_LITERAL_CONVERSION = YES;
				CLANG_WARN_OBJC_ROOT_CLASS = YES_ERROR;
				CLANG_WARN_QUOTED_INCLUDE_IN_FRAMEWORK_HEADER = YES;
				CLANG_WARN_RANGE_LOOP_ANALYSIS = YES;
				CLANG_WARN_STRICT_PROTOTYPES = YES;
				CLANG_WARN_SUSPICIOUS_MOVE = YES;
				CLANG_WARN_UNGUARDED_AVAILABILITY = YES_AGGRESSIVE;
				CLANG_WARN_UNREACHABLE_CODE = YES;
				CLANG_WARN__DUPLICATE_METHOD_MATCH = YES;
				COPY_PHASE_STRIP = NO;
				DEBUG_INFORMATION_FORMAT = "dwarf-with-dsym";
				ENABLE_NS_ASSERTIONS = NO;
				ENABLE_STRICT_OBJC_MSGSEND = YES;
				GCC_C_LANGUAGE_STANDARD = gnu11;
				GCC_NO_COMMON_BLOCKS = YES;
				GCC_WARN_64_TO_32_BIT_CONVERSION = YES;
				GCC_WARN_ABOUT_RETURN_TYPE = YES_ERROR;
				GCC_WARN_UNDECLARED_SELECTOR = YES;
				GCC_WARN_UNINITIALIZED_AUTOS = YES_AGGRESSIVE;
				GCC_WARN_UNUSED_FUNCTION = YES;
				GCC_WARN_UNUSED_VARIABLE = YES;
				IPHONEOS_DEPLOYMENT_TARGET = 16.1;
				MTL_ENABLE_DEBUG_INFO = NO;
				MTL_FAST_MATH = YES;
				SDKROOT = iphoneos;
				SWIFT_COMPILATION_MODE = wholemodule;
				SWIFT_OPTIMIZATION_LEVEL = "-O";
				VALIDATE_PRODUCT = YES;
			};
			name = Release;
		};
		382DD9A2293BBDBB004D385B /* Debug */ = {
			isa = XCBuildConfiguration;
			buildSettings = {
				ASSETCATALOG_COMPILER_APPICON_NAME = AppIcon;
				ASSETCATALOG_COMPILER_GLOBAL_ACCENT_COLOR_NAME = AccentColor;
				CODE_SIGN_STYLE = Automatic;
				CURRENT_PROJECT_VERSION = 1;
				DEVELOPMENT_TEAM = 3YA64BQ5PB;
				GENERATE_INFOPLIST_FILE = YES;
				INFOPLIST_FILE = AroraCalendar/Info.plist;
				INFOPLIST_KEY_UIApplicationSupportsIndirectInputEvents = YES;
				INFOPLIST_KEY_UILaunchStoryboardName = LaunchScreen;
				INFOPLIST_KEY_UIMainStoryboardFile = Main;
				INFOPLIST_KEY_UISupportedInterfaceOrientations_iPad = "UIInterfaceOrientationPortrait UIInterfaceOrientationPortraitUpsideDown UIInterfaceOrientationLandscapeLeft UIInterfaceOrientationLandscapeRight";
				INFOPLIST_KEY_UISupportedInterfaceOrientations_iPhone = "UIInterfaceOrientationPortrait UIInterfaceOrientationLandscapeLeft UIInterfaceOrientationLandscapeRight";
				LD_RUNPATH_SEARCH_PATHS = (
					"$(inherited)",
					"@executable_path/Frameworks",
				);
				MARKETING_VERSION = 1.0;
				PRODUCT_BUNDLE_IDENTIFIER = com.aroragames.AroraCalendar;
				PRODUCT_NAME = "$(TARGET_NAME)";
				SWIFT_EMIT_LOC_STRINGS = YES;
				SWIFT_VERSION = 5.0;
				TARGETED_DEVICE_FAMILY = "1,2";
			};
			name = Debug;
		};
		382DD9A3293BBDBB004D385B /* Release */ = {
			isa = XCBuildConfiguration;
			buildSettings = {
				ASSETCATALOG_COMPILER_APPICON_NAME = AppIcon;
				ASSETCATALOG_COMPILER_GLOBAL_ACCENT_COLOR_NAME = AccentColor;
				CODE_SIGN_STYLE = Automatic;
				CURRENT_PROJECT_VERSION = 1;
				DEVELOPMENT_TEAM = 3YA64BQ5PB;
				GENERATE_INFOPLIST_FILE = YES;
				INFOPLIST_FILE = AroraCalendar/Info.plist;
				INFOPLIST_KEY_UIApplicationSupportsIndirectInputEvents = YES;
				INFOPLIST_KEY_UILaunchStoryboardName = LaunchScreen;
				INFOPLIST_KEY_UIMainStoryboardFile = Main;
				INFOPLIST_KEY_UISupportedInterfaceOrientations_iPad = "UIInterfaceOrientationPortrait UIInterfaceOrientationPortraitUpsideDown UIInterfaceOrientationLandscapeLeft UIInterfaceOrientationLandscapeRight";
				INFOPLIST_KEY_UISupportedInterfaceOrientations_iPhone = "UIInterfaceOrientationPortrait UIInterfaceOrientationLandscapeLeft UIInterfaceOrientationLandscapeRight";
				LD_RUNPATH_SEARCH_PATHS = (
					"$(inherited)",
					"@executable_path/Frameworks",
				);
				MARKETING_VERSION = 1.0;
				PRODUCT_BUNDLE_IDENTIFIER = com.aroragames.AroraCalendar;
				PRODUCT_NAME = "$(TARGET_NAME)";
				SWIFT_EMIT_LOC_STRINGS = YES;
				SWIFT_VERSION = 5.0;
				TARGETED_DEVICE_FAMILY = "1,2";
			};
			name = Release;
		};
/* End XCBuildConfiguration section */

/* Begin XCConfigurationList section */
		382DD988293BBDB8004D385B /* Build configuration list for PBXProject "AroraCalendar" */ = {
			isa = XCConfigurationList;
			buildConfigurations = (
				382DD99F293BBDBB004D385B /* Debug */,
				382DD9A0293BBDBB004D385B /* Release */,
			);
			defaultConfigurationIsVisible = 0;
			defaultConfigurationName = Release;
		};
		382DD9A1293BBDBB004D385B /* Build configuration list for PBXNativeTarget "AroraCalendar" */ = {
			isa = XCConfigurationList;
			buildConfigurations = (
				382DD9A2293BBDBB004D385B /* Debug */,
				382DD9A3293BBDBB004D385B /* Release */,
			);
			defaultConfigurationIsVisible = 0;
			defaultConfigurationName = Release;
		};
/* End XCConfigurationList section */
	};
	rootObject = 382DD985293BBDB8004D385B /* Project object */;
}
